// !$*UTF8*$!
{
	archiveVersion = 1;
	classes = {
	};
	objectVersion = 46;
	objects = {
/* Begin PBXBuildFile section */
		00E356F31AD99517003FC87E /* exampleTests.m in Sources */ = {isa = PBXBuildFile; fileRef = 00E356F21AD99517003FC87E /* exampleTests.m */; };
		0A4BC4C7D0028ABF6B48692B /* libPods-exampleTests.a in Frameworks */ = {isa = PBXBuildFile; fileRef = FEBF0AA95D64B55DF2E7B4EC /* libPods-exampleTests.a */; };
		13B07FBC1A68108700A75B9A /* AppDelegate.m in Sources */ = {isa = PBXBuildFile; fileRef = 13B07FB01A68108700A75B9A /* AppDelegate.m */; };
		13B07FBD1A68108700A75B9A /* LaunchScreen.xib in Resources */ = {isa = PBXBuildFile; fileRef = 13B07FB11A68108700A75B9A /* LaunchScreen.xib */; };
		13B07FBF1A68108700A75B9A /* Images.xcassets in Resources */ = {isa = PBXBuildFile; fileRef = 13B07FB51A68108700A75B9A /* Images.xcassets */; };
		13B07FC11A68108700A75B9A /* main.m in Sources */ = {isa = PBXBuildFile; fileRef = 13B07FB71A68108700A75B9A /* main.m */; };
		2D02E4BC1E0B4A80006451C7 /* AppDelegate.m in Sources */ = {isa = PBXBuildFile; fileRef = 13B07FB01A68108700A75B9A /* AppDelegate.m */; };
		2D02E4BD1E0B4A84006451C7 /* Images.xcassets in Resources */ = {isa = PBXBuildFile; fileRef = 13B07FB51A68108700A75B9A /* Images.xcassets */; };
		2D02E4BF1E0B4AB3006451C7 /* main.m in Sources */ = {isa = PBXBuildFile; fileRef = 13B07FB71A68108700A75B9A /* main.m */; };
		2DCD954D1E0B4F2C00145EB5 /* exampleTests.m in Sources */ = {isa = PBXBuildFile; fileRef = 00E356F21AD99517003FC87E /* exampleTests.m */; };
		5FB0BD328F1F20B9529078EE /* libPods-example-tvOSTests.a in Frameworks */ = {isa = PBXBuildFile; fileRef = 45C4C82D329B04863D6AF5B8 /* libPods-example-tvOSTests.a */; };
		8563EF02CAD2943D47784C27 /* libPods-example-tvOS.a in Frameworks */ = {isa = PBXBuildFile; fileRef = 95BEDEDD90DB09EB40F22AF4 /* libPods-example-tvOS.a */; };
		C4E21DBEF0F0D67D9FE6DC23 /* libPods-example.a in Frameworks */ = {isa = PBXBuildFile; fileRef = E48A3CDA7FA493327C29BBD1 /* libPods-example.a */; };
		FBB7715CB3034D2ABD1FC52C /* JosefinSans-Bold.ttf in Resources */ = {isa = PBXBuildFile; fileRef = 6B37665930DC49B9AFF91C69 /* JosefinSans-Bold.ttf */; };
		FDDD9CD8841D4B06A3FECDEE /* JosefinSans-BoldItalic.ttf in Resources */ = {isa = PBXBuildFile; fileRef = 360309FA22E94215BC278582 /* JosefinSans-BoldItalic.ttf */; };
		EA17F001F15649C1B176314D /* JosefinSans-Italic.ttf in Resources */ = {isa = PBXBuildFile; fileRef = CFF6434989F6477C91A48592 /* JosefinSans-Italic.ttf */; };
		DD78F07E8488445189C307AC /* JosefinSans-Light.ttf in Resources */ = {isa = PBXBuildFile; fileRef = 589872344F0D4DE0A9DF1250 /* JosefinSans-Light.ttf */; };
		D02B7E5AE34F4FB39ECD0533 /* JosefinSans-LightItalic.ttf in Resources */ = {isa = PBXBuildFile; fileRef = E521406904B94D9DA83399EA /* JosefinSans-LightItalic.ttf */; };
		B59AFF6E5A5C47888CF3A8DB /* JosefinSans-Regular.ttf in Resources */ = {isa = PBXBuildFile; fileRef = F7AA33E93CC8490D9C02E7A3 /* JosefinSans-Regular.ttf */; };
		27F2021635844504A5FDBFA4 /* JosefinSans-SemiBold.ttf in Resources */ = {isa = PBXBuildFile; fileRef = 6C19300F6968481DB5665F34 /* JosefinSans-SemiBold.ttf */; };
		B8169A78C2FA45C083664C84 /* JosefinSans-SemiBoldItalic.ttf in Resources */ = {isa = PBXBuildFile; fileRef = 749B18E8607A445F84E834B6 /* JosefinSans-SemiBoldItalic.ttf */; };
		513A2C933409436B810D4858 /* JosefinSans-Thin.ttf in Resources */ = {isa = PBXBuildFile; fileRef = 2FF5251D916A421DB287E02B /* JosefinSans-Thin.ttf */; };
		5070145C4B4F47658AB3E040 /* JosefinSans-ThinItalic.ttf in Resources */ = {isa = PBXBuildFile; fileRef = 094BC4743CF34C76A34C665B /* JosefinSans-ThinItalic.ttf */; };
		0F247979C4BB4E4F84376BAD /* Taviraj-Black.ttf in Resources */ = {isa = PBXBuildFile; fileRef = E00ADA465D7841DEA9174724 /* Taviraj-Black.ttf */; };
		F7FD5B5F4D3B40748F5A250C /* Taviraj-BlackItalic.ttf in Resources */ = {isa = PBXBuildFile; fileRef = 3283EF275BCE44488AA1A362 /* Taviraj-BlackItalic.ttf */; };
		EFCA4A1493D0465AB701F772 /* Taviraj-Bold.ttf in Resources */ = {isa = PBXBuildFile; fileRef = ACD1F201BFDE46B49491FA76 /* Taviraj-Bold.ttf */; };
		CE29F07975334748ACA4E03D /* Taviraj-BoldItalic.ttf in Resources */ = {isa = PBXBuildFile; fileRef = 7E6BAAD5FD3E478788DE5393 /* Taviraj-BoldItalic.ttf */; };
		A04E5B72168E4564992B08F3 /* Taviraj-ExtraBold.ttf in Resources */ = {isa = PBXBuildFile; fileRef = CE75845DFBD74263BA9C7497 /* Taviraj-ExtraBold.ttf */; };
		632F087268A64905B30D2BC1 /* Taviraj-ExtraBoldItalic.ttf in Resources */ = {isa = PBXBuildFile; fileRef = D8807D7BE79E4F9DB5E74BF2 /* Taviraj-ExtraBoldItalic.ttf */; };
		F232FC68EBD04F0EA9089F10 /* Taviraj-ExtraLight.ttf in Resources */ = {isa = PBXBuildFile; fileRef = 1DACDA5E9B3C490CBBAD90CC /* Taviraj-ExtraLight.ttf */; };
		4160F54F7AC14CB2B9DCCFE2 /* Taviraj-ExtraLightItalic.ttf in Resources */ = {isa = PBXBuildFile; fileRef = 21824869984E4DE28E5D53CE /* Taviraj-ExtraLightItalic.ttf */; };
		F0C1A5EB1B5143888DA1EB7A /* Taviraj-Italic.ttf in Resources */ = {isa = PBXBuildFile; fileRef = 141A19771A604D0594FBF76B /* Taviraj-Italic.ttf */; };
		E70D1BC61FB34643B0793A5B /* Taviraj-Light.ttf in Resources */ = {isa = PBXBuildFile; fileRef = 5D2AB56B352A441FAF32F27C /* Taviraj-Light.ttf */; };
		9D1C8377C51D439087B2AAC6 /* Taviraj-LightItalic.ttf in Resources */ = {isa = PBXBuildFile; fileRef = 37A95695DB254AA285406758 /* Taviraj-LightItalic.ttf */; };
		83ED7CDE0A7045708A51750B /* Taviraj-Medium.ttf in Resources */ = {isa = PBXBuildFile; fileRef = 7B99ECFE0F2742189ED48E0B /* Taviraj-Medium.ttf */; };
		D8C709448635440BB6AC0A82 /* Taviraj-MediumItalic.ttf in Resources */ = {isa = PBXBuildFile; fileRef = 95739D64EB894E468770C48D /* Taviraj-MediumItalic.ttf */; };
		B094AC341E664C4BB86B6DD6 /* Taviraj-Regular.ttf in Resources */ = {isa = PBXBuildFile; fileRef = DC073874D16445F0BDF98D76 /* Taviraj-Regular.ttf */; };
		12B9A2DD218C4A67B50C7F2D /* Taviraj-SemiBold.ttf in Resources */ = {isa = PBXBuildFile; fileRef = 864A716396A44F6BA5B69BFD /* Taviraj-SemiBold.ttf */; };
		5D9D37BCE2AF4E9793A042ED /* Taviraj-SemiBoldItalic.ttf in Resources */ = {isa = PBXBuildFile; fileRef = BB980BF668AB45A1B498D1D5 /* Taviraj-SemiBoldItalic.ttf */; };
		ED1C04BB2E5E42B28C35027A /* Taviraj-Thin.ttf in Resources */ = {isa = PBXBuildFile; fileRef = 8EEBA974970C43A18C5B2919 /* Taviraj-Thin.ttf */; };
		153F7892DC7E4F2F87C6B139 /* Taviraj-ThinItalic.ttf in Resources */ = {isa = PBXBuildFile; fileRef = 05003D3FDE014D8F9DD4D92B /* Taviraj-ThinItalic.ttf */; };
		F6EA04AAA4B44D7D84D7A97B /* Montserrat-Black.ttf in Resources */ = {isa = PBXBuildFile; fileRef = DCBD331284AC41ED98BDE704 /* Montserrat-Black.ttf */; };
		506742B54A954A3587F5C733 /* Montserrat-BlackItalic.ttf in Resources */ = {isa = PBXBuildFile; fileRef = 9DF9191FC3E848BDB2133898 /* Montserrat-BlackItalic.ttf */; };
		6ADBE1F5F3EF4D7AB044B2A4 /* Montserrat-Bold.ttf in Resources */ = {isa = PBXBuildFile; fileRef = 39BC12C076A04102972FD285 /* Montserrat-Bold.ttf */; };
		F3FE4B421F024C45AE6D8F5A /* Montserrat-BoldItalic.ttf in Resources */ = {isa = PBXBuildFile; fileRef = 14A5E0FC6E2445F8A1467975 /* Montserrat-BoldItalic.ttf */; };
		2D2EA3B696504BFC9F6A6DDF /* Montserrat-ExtraBold.ttf in Resources */ = {isa = PBXBuildFile; fileRef = 33DCF1E0BE2F44D1AB87B269 /* Montserrat-ExtraBold.ttf */; };
		53E93653BD8D412CA323CFA8 /* Montserrat-ExtraBoldItalic.ttf in Resources */ = {isa = PBXBuildFile; fileRef = F9393E08B9E5494896F12025 /* Montserrat-ExtraBoldItalic.ttf */; };
		002BE4090BD44B53880CC211 /* Montserrat-ExtraLight.ttf in Resources */ = {isa = PBXBuildFile; fileRef = 7BD873B324CE4F7595EA1FA7 /* Montserrat-ExtraLight.ttf */; };
		ACC3AACD44D942A391904BE6 /* Montserrat-ExtraLightItalic.ttf in Resources */ = {isa = PBXBuildFile; fileRef = 793FF252ACD1478EA7FBC310 /* Montserrat-ExtraLightItalic.ttf */; };
		F65D69262A744E43A4932487 /* Montserrat-Italic.ttf in Resources */ = {isa = PBXBuildFile; fileRef = 27B9F8FCA8454B028652368D /* Montserrat-Italic.ttf */; };
		0D9348A2BA8B46DE90255E98 /* Montserrat-Light.ttf in Resources */ = {isa = PBXBuildFile; fileRef = CDAEC765883D47CABBB03ED8 /* Montserrat-Light.ttf */; };
		1C0939EE558141DE9B6FBB05 /* Montserrat-LightItalic.ttf in Resources */ = {isa = PBXBuildFile; fileRef = 3D0F21BD574842F2AEE2B186 /* Montserrat-LightItalic.ttf */; };
		AF8A3D7198584B15B1F82C23 /* Montserrat-Medium.ttf in Resources */ = {isa = PBXBuildFile; fileRef = 58A2B847D22D4B1C8EBB4E25 /* Montserrat-Medium.ttf */; };
		17DBA8BE742049D193A8DD8A /* Montserrat-MediumItalic.ttf in Resources */ = {isa = PBXBuildFile; fileRef = ACC5334894E9489E94FC7222 /* Montserrat-MediumItalic.ttf */; };
		74F345427E8B43EFA9C0EAAE /* Montserrat-Regular.ttf in Resources */ = {isa = PBXBuildFile; fileRef = 11FA799984024FCF9666C1A2 /* Montserrat-Regular.ttf */; };
		1AFC77D99C4147DE9619F43E /* Montserrat-SemiBold.ttf in Resources */ = {isa = PBXBuildFile; fileRef = 524EF09AE71243E998E176E5 /* Montserrat-SemiBold.ttf */; };
		3BA0472748A449119237C5BD /* Montserrat-SemiBoldItalic.ttf in Resources */ = {isa = PBXBuildFile; fileRef = C93075DCF1234AB0B8250451 /* Montserrat-SemiBoldItalic.ttf */; };
		57D95433E55D427193FEFF6B /* Montserrat-Thin.ttf in Resources */ = {isa = PBXBuildFile; fileRef = 6DDA632B7DDC42FDB6D5C10D /* Montserrat-Thin.ttf */; };
		29C2FB1D309C45A79D24541D /* Montserrat-ThinItalic.ttf in Resources */ = {isa = PBXBuildFile; fileRef = 9F361386F9964E6CBE76BA83 /* Montserrat-ThinItalic.ttf */; };
/* End PBXBuildFile section */

/* Begin PBXContainerItemProxy section */
		00E356F41AD99517003FC87E /* PBXContainerItemProxy */ = {
			isa = PBXContainerItemProxy;
			containerPortal = 83CBB9F71A601CBA00E9B192 /* Project object */;
			proxyType = 1;
			remoteGlobalIDString = 13B07F861A680F5B00A75B9A;
			remoteInfo = example;
		};
		2D02E4911E0B4A5D006451C7 /* PBXContainerItemProxy */ = {
			isa = PBXContainerItemProxy;
			containerPortal = 83CBB9F71A601CBA00E9B192 /* Project object */;
			proxyType = 1;
			remoteGlobalIDString = 2D02E47A1E0B4A5D006451C7;
			remoteInfo = "example-tvOS";
		};
/* End PBXContainerItemProxy section */

/* Begin PBXFileReference section */
		008F07F21AC5B25A0029DE68 /* main.jsbundle */ = {isa = PBXFileReference; fileEncoding = 4; lastKnownFileType = text; path = main.jsbundle; sourceTree = "<group>"; };
		00E356EE1AD99517003FC87E /* exampleTests.xctest */ = {isa = PBXFileReference; explicitFileType = wrapper.cfbundle; includeInIndex = 0; path = exampleTests.xctest; sourceTree = BUILT_PRODUCTS_DIR; };
		00E356F11AD99517003FC87E /* Info.plist */ = {isa = PBXFileReference; lastKnownFileType = text.plist.xml; path = Info.plist; sourceTree = "<group>"; };
		00E356F21AD99517003FC87E /* exampleTests.m */ = {isa = PBXFileReference; lastKnownFileType = sourcecode.c.objc; path = exampleTests.m; sourceTree = "<group>"; };
		03F1C74277FD133389711197 /* Pods-example.debug.xcconfig */ = {isa = PBXFileReference; includeInIndex = 1; lastKnownFileType = text.xcconfig; name = "Pods-example.debug.xcconfig"; path = "Target Support Files/Pods-example/Pods-example.debug.xcconfig"; sourceTree = "<group>"; };
		13B07F961A680F5B00A75B9A /* example.app */ = {isa = PBXFileReference; explicitFileType = wrapper.application; includeInIndex = 0; path = example.app; sourceTree = BUILT_PRODUCTS_DIR; };
		13B07FAF1A68108700A75B9A /* AppDelegate.h */ = {isa = PBXFileReference; fileEncoding = 4; lastKnownFileType = sourcecode.c.h; name = AppDelegate.h; path = example/AppDelegate.h; sourceTree = "<group>"; };
		13B07FB01A68108700A75B9A /* AppDelegate.m */ = {isa = PBXFileReference; fileEncoding = 4; lastKnownFileType = sourcecode.c.objc; name = AppDelegate.m; path = example/AppDelegate.m; sourceTree = "<group>"; };
		13B07FB21A68108700A75B9A /* Base */ = {isa = PBXFileReference; lastKnownFileType = file.xib; name = Base; path = Base.lproj/LaunchScreen.xib; sourceTree = "<group>"; };
		13B07FB51A68108700A75B9A /* Images.xcassets */ = {isa = PBXFileReference; lastKnownFileType = folder.assetcatalog; name = Images.xcassets; path = example/Images.xcassets; sourceTree = "<group>"; };
		13B07FB61A68108700A75B9A /* Info.plist */ = {isa = PBXFileReference; fileEncoding = 4; lastKnownFileType = text.plist.xml; name = Info.plist; path = example/Info.plist; sourceTree = "<group>"; };
		13B07FB71A68108700A75B9A /* main.m */ = {isa = PBXFileReference; fileEncoding = 4; lastKnownFileType = sourcecode.c.objc; name = main.m; path = example/main.m; sourceTree = "<group>"; };
		2628CB0D0AF623B4BACD3107 /* Pods-exampleTests.release.xcconfig */ = {isa = PBXFileReference; includeInIndex = 1; lastKnownFileType = text.xcconfig; name = "Pods-exampleTests.release.xcconfig"; path = "Target Support Files/Pods-exampleTests/Pods-exampleTests.release.xcconfig"; sourceTree = "<group>"; };
		2D02E47B1E0B4A5D006451C7 /* example-tvOS.app */ = {isa = PBXFileReference; explicitFileType = wrapper.application; includeInIndex = 0; path = "example-tvOS.app"; sourceTree = BUILT_PRODUCTS_DIR; };
		2D02E4901E0B4A5D006451C7 /* example-tvOSTests.xctest */ = {isa = PBXFileReference; explicitFileType = wrapper.cfbundle; includeInIndex = 0; path = "example-tvOSTests.xctest"; sourceTree = BUILT_PRODUCTS_DIR; };
		329EF7967EDF3733098E2FB1 /* Pods-exampleTests.debug.xcconfig */ = {isa = PBXFileReference; includeInIndex = 1; lastKnownFileType = text.xcconfig; name = "Pods-exampleTests.debug.xcconfig"; path = "Target Support Files/Pods-exampleTests/Pods-exampleTests.debug.xcconfig"; sourceTree = "<group>"; };
		3798F77D8F41A2A0F7180F2F /* Pods-example.release.xcconfig */ = {isa = PBXFileReference; includeInIndex = 1; lastKnownFileType = text.xcconfig; name = "Pods-example.release.xcconfig"; path = "Target Support Files/Pods-example/Pods-example.release.xcconfig"; sourceTree = "<group>"; };
		45C4C82D329B04863D6AF5B8 /* libPods-example-tvOSTests.a */ = {isa = PBXFileReference; explicitFileType = archive.ar; includeInIndex = 0; path = "libPods-example-tvOSTests.a"; sourceTree = BUILT_PRODUCTS_DIR; };
		8169C3656CEA9D58C2F8B618 /* Pods-example-tvOS.release.xcconfig */ = {isa = PBXFileReference; includeInIndex = 1; lastKnownFileType = text.xcconfig; name = "Pods-example-tvOS.release.xcconfig"; path = "Target Support Files/Pods-example-tvOS/Pods-example-tvOS.release.xcconfig"; sourceTree = "<group>"; };
		95BEDEDD90DB09EB40F22AF4 /* libPods-example-tvOS.a */ = {isa = PBXFileReference; explicitFileType = archive.ar; includeInIndex = 0; path = "libPods-example-tvOS.a"; sourceTree = BUILT_PRODUCTS_DIR; };
		9AB97323416ED699CD676495 /* Pods-example-tvOS.debug.xcconfig */ = {isa = PBXFileReference; includeInIndex = 1; lastKnownFileType = text.xcconfig; name = "Pods-example-tvOS.debug.xcconfig"; path = "Target Support Files/Pods-example-tvOS/Pods-example-tvOS.debug.xcconfig"; sourceTree = "<group>"; };
		D7B893821E56231CDFE5B964 /* Pods-example-tvOSTests.debug.xcconfig */ = {isa = PBXFileReference; includeInIndex = 1; lastKnownFileType = text.xcconfig; name = "Pods-example-tvOSTests.debug.xcconfig"; path = "Target Support Files/Pods-example-tvOSTests/Pods-example-tvOSTests.debug.xcconfig"; sourceTree = "<group>"; };
		E48A3CDA7FA493327C29BBD1 /* libPods-example.a */ = {isa = PBXFileReference; explicitFileType = archive.ar; includeInIndex = 0; path = "libPods-example.a"; sourceTree = BUILT_PRODUCTS_DIR; };
		E9A8A4FB4756A401A90B8094 /* Pods-example-tvOSTests.release.xcconfig */ = {isa = PBXFileReference; includeInIndex = 1; lastKnownFileType = text.xcconfig; name = "Pods-example-tvOSTests.release.xcconfig"; path = "Target Support Files/Pods-example-tvOSTests/Pods-example-tvOSTests.release.xcconfig"; sourceTree = "<group>"; };
		ED297162215061F000B7C4FE /* JavaScriptCore.framework */ = {isa = PBXFileReference; lastKnownFileType = wrapper.framework; name = JavaScriptCore.framework; path = System/Library/Frameworks/JavaScriptCore.framework; sourceTree = SDKROOT; };
		ED2971642150620600B7C4FE /* JavaScriptCore.framework */ = {isa = PBXFileReference; lastKnownFileType = wrapper.framework; name = JavaScriptCore.framework; path = Platforms/AppleTVOS.platform/Developer/SDKs/AppleTVOS12.0.sdk/System/Library/Frameworks/JavaScriptCore.framework; sourceTree = DEVELOPER_DIR; };
		FEBF0AA95D64B55DF2E7B4EC /* libPods-exampleTests.a */ = {isa = PBXFileReference; explicitFileType = archive.ar; includeInIndex = 0; path = "libPods-exampleTests.a"; sourceTree = BUILT_PRODUCTS_DIR; };
		6B37665930DC49B9AFF91C69 /* JosefinSans-Bold.ttf */ = {isa = PBXFileReference; name = "JosefinSans-Bold.ttf"; path = "../lib/assets/fonts/JosefinSans-Bold.ttf"; sourceTree = "<group>"; fileEncoding = undefined; lastKnownFileType = unknown; explicitFileType = undefined; includeInIndex = 0; };
		360309FA22E94215BC278582 /* JosefinSans-BoldItalic.ttf */ = {isa = PBXFileReference; name = "JosefinSans-BoldItalic.ttf"; path = "../lib/assets/fonts/JosefinSans-BoldItalic.ttf"; sourceTree = "<group>"; fileEncoding = undefined; lastKnownFileType = unknown; explicitFileType = undefined; includeInIndex = 0; };
		CFF6434989F6477C91A48592 /* JosefinSans-Italic.ttf */ = {isa = PBXFileReference; name = "JosefinSans-Italic.ttf"; path = "../lib/assets/fonts/JosefinSans-Italic.ttf"; sourceTree = "<group>"; fileEncoding = undefined; lastKnownFileType = unknown; explicitFileType = undefined; includeInIndex = 0; };
		589872344F0D4DE0A9DF1250 /* JosefinSans-Light.ttf */ = {isa = PBXFileReference; name = "JosefinSans-Light.ttf"; path = "../lib/assets/fonts/JosefinSans-Light.ttf"; sourceTree = "<group>"; fileEncoding = undefined; lastKnownFileType = unknown; explicitFileType = undefined; includeInIndex = 0; };
		E521406904B94D9DA83399EA /* JosefinSans-LightItalic.ttf */ = {isa = PBXFileReference; name = "JosefinSans-LightItalic.ttf"; path = "../lib/assets/fonts/JosefinSans-LightItalic.ttf"; sourceTree = "<group>"; fileEncoding = undefined; lastKnownFileType = unknown; explicitFileType = undefined; includeInIndex = 0; };
		F7AA33E93CC8490D9C02E7A3 /* JosefinSans-Regular.ttf */ = {isa = PBXFileReference; name = "JosefinSans-Regular.ttf"; path = "../lib/assets/fonts/JosefinSans-Regular.ttf"; sourceTree = "<group>"; fileEncoding = undefined; lastKnownFileType = unknown; explicitFileType = undefined; includeInIndex = 0; };
		6C19300F6968481DB5665F34 /* JosefinSans-SemiBold.ttf */ = {isa = PBXFileReference; name = "JosefinSans-SemiBold.ttf"; path = "../lib/assets/fonts/JosefinSans-SemiBold.ttf"; sourceTree = "<group>"; fileEncoding = undefined; lastKnownFileType = unknown; explicitFileType = undefined; includeInIndex = 0; };
		749B18E8607A445F84E834B6 /* JosefinSans-SemiBoldItalic.ttf */ = {isa = PBXFileReference; name = "JosefinSans-SemiBoldItalic.ttf"; path = "../lib/assets/fonts/JosefinSans-SemiBoldItalic.ttf"; sourceTree = "<group>"; fileEncoding = undefined; lastKnownFileType = unknown; explicitFileType = undefined; includeInIndex = 0; };
		2FF5251D916A421DB287E02B /* JosefinSans-Thin.ttf */ = {isa = PBXFileReference; name = "JosefinSans-Thin.ttf"; path = "../lib/assets/fonts/JosefinSans-Thin.ttf"; sourceTree = "<group>"; fileEncoding = undefined; lastKnownFileType = unknown; explicitFileType = undefined; includeInIndex = 0; };
		094BC4743CF34C76A34C665B /* JosefinSans-ThinItalic.ttf */ = {isa = PBXFileReference; name = "JosefinSans-ThinItalic.ttf"; path = "../lib/assets/fonts/JosefinSans-ThinItalic.ttf"; sourceTree = "<group>"; fileEncoding = undefined; lastKnownFileType = unknown; explicitFileType = undefined; includeInIndex = 0; };
		E00ADA465D7841DEA9174724 /* Taviraj-Black.ttf */ = {isa = PBXFileReference; name = "Taviraj-Black.ttf"; path = "../lib/assets/fonts/Taviraj/Taviraj-Black.ttf"; sourceTree = "<group>"; fileEncoding = undefined; lastKnownFileType = unknown; explicitFileType = undefined; includeInIndex = 0; };
		3283EF275BCE44488AA1A362 /* Taviraj-BlackItalic.ttf */ = {isa = PBXFileReference; name = "Taviraj-BlackItalic.ttf"; path = "../lib/assets/fonts/Taviraj/Taviraj-BlackItalic.ttf"; sourceTree = "<group>"; fileEncoding = undefined; lastKnownFileType = unknown; explicitFileType = undefined; includeInIndex = 0; };
		ACD1F201BFDE46B49491FA76 /* Taviraj-Bold.ttf */ = {isa = PBXFileReference; name = "Taviraj-Bold.ttf"; path = "../lib/assets/fonts/Taviraj/Taviraj-Bold.ttf"; sourceTree = "<group>"; fileEncoding = undefined; lastKnownFileType = unknown; explicitFileType = undefined; includeInIndex = 0; };
		7E6BAAD5FD3E478788DE5393 /* Taviraj-BoldItalic.ttf */ = {isa = PBXFileReference; name = "Taviraj-BoldItalic.ttf"; path = "../lib/assets/fonts/Taviraj/Taviraj-BoldItalic.ttf"; sourceTree = "<group>"; fileEncoding = undefined; lastKnownFileType = unknown; explicitFileType = undefined; includeInIndex = 0; };
		CE75845DFBD74263BA9C7497 /* Taviraj-ExtraBold.ttf */ = {isa = PBXFileReference; name = "Taviraj-ExtraBold.ttf"; path = "../lib/assets/fonts/Taviraj/Taviraj-ExtraBold.ttf"; sourceTree = "<group>"; fileEncoding = undefined; lastKnownFileType = unknown; explicitFileType = undefined; includeInIndex = 0; };
		D8807D7BE79E4F9DB5E74BF2 /* Taviraj-ExtraBoldItalic.ttf */ = {isa = PBXFileReference; name = "Taviraj-ExtraBoldItalic.ttf"; path = "../lib/assets/fonts/Taviraj/Taviraj-ExtraBoldItalic.ttf"; sourceTree = "<group>"; fileEncoding = undefined; lastKnownFileType = unknown; explicitFileType = undefined; includeInIndex = 0; };
		1DACDA5E9B3C490CBBAD90CC /* Taviraj-ExtraLight.ttf */ = {isa = PBXFileReference; name = "Taviraj-ExtraLight.ttf"; path = "../lib/assets/fonts/Taviraj/Taviraj-ExtraLight.ttf"; sourceTree = "<group>"; fileEncoding = undefined; lastKnownFileType = unknown; explicitFileType = undefined; includeInIndex = 0; };
		21824869984E4DE28E5D53CE /* Taviraj-ExtraLightItalic.ttf */ = {isa = PBXFileReference; name = "Taviraj-ExtraLightItalic.ttf"; path = "../lib/assets/fonts/Taviraj/Taviraj-ExtraLightItalic.ttf"; sourceTree = "<group>"; fileEncoding = undefined; lastKnownFileType = unknown; explicitFileType = undefined; includeInIndex = 0; };
		141A19771A604D0594FBF76B /* Taviraj-Italic.ttf */ = {isa = PBXFileReference; name = "Taviraj-Italic.ttf"; path = "../lib/assets/fonts/Taviraj/Taviraj-Italic.ttf"; sourceTree = "<group>"; fileEncoding = undefined; lastKnownFileType = unknown; explicitFileType = undefined; includeInIndex = 0; };
		5D2AB56B352A441FAF32F27C /* Taviraj-Light.ttf */ = {isa = PBXFileReference; name = "Taviraj-Light.ttf"; path = "../lib/assets/fonts/Taviraj/Taviraj-Light.ttf"; sourceTree = "<group>"; fileEncoding = undefined; lastKnownFileType = unknown; explicitFileType = undefined; includeInIndex = 0; };
		37A95695DB254AA285406758 /* Taviraj-LightItalic.ttf */ = {isa = PBXFileReference; name = "Taviraj-LightItalic.ttf"; path = "../lib/assets/fonts/Taviraj/Taviraj-LightItalic.ttf"; sourceTree = "<group>"; fileEncoding = undefined; lastKnownFileType = unknown; explicitFileType = undefined; includeInIndex = 0; };
		7B99ECFE0F2742189ED48E0B /* Taviraj-Medium.ttf */ = {isa = PBXFileReference; name = "Taviraj-Medium.ttf"; path = "../lib/assets/fonts/Taviraj/Taviraj-Medium.ttf"; sourceTree = "<group>"; fileEncoding = undefined; lastKnownFileType = unknown; explicitFileType = undefined; includeInIndex = 0; };
		95739D64EB894E468770C48D /* Taviraj-MediumItalic.ttf */ = {isa = PBXFileReference; name = "Taviraj-MediumItalic.ttf"; path = "../lib/assets/fonts/Taviraj/Taviraj-MediumItalic.ttf"; sourceTree = "<group>"; fileEncoding = undefined; lastKnownFileType = unknown; explicitFileType = undefined; includeInIndex = 0; };
		DC073874D16445F0BDF98D76 /* Taviraj-Regular.ttf */ = {isa = PBXFileReference; name = "Taviraj-Regular.ttf"; path = "../lib/assets/fonts/Taviraj/Taviraj-Regular.ttf"; sourceTree = "<group>"; fileEncoding = undefined; lastKnownFileType = unknown; explicitFileType = undefined; includeInIndex = 0; };
		864A716396A44F6BA5B69BFD /* Taviraj-SemiBold.ttf */ = {isa = PBXFileReference; name = "Taviraj-SemiBold.ttf"; path = "../lib/assets/fonts/Taviraj/Taviraj-SemiBold.ttf"; sourceTree = "<group>"; fileEncoding = undefined; lastKnownFileType = unknown; explicitFileType = undefined; includeInIndex = 0; };
		BB980BF668AB45A1B498D1D5 /* Taviraj-SemiBoldItalic.ttf */ = {isa = PBXFileReference; name = "Taviraj-SemiBoldItalic.ttf"; path = "../lib/assets/fonts/Taviraj/Taviraj-SemiBoldItalic.ttf"; sourceTree = "<group>"; fileEncoding = undefined; lastKnownFileType = unknown; explicitFileType = undefined; includeInIndex = 0; };
		8EEBA974970C43A18C5B2919 /* Taviraj-Thin.ttf */ = {isa = PBXFileReference; name = "Taviraj-Thin.ttf"; path = "../lib/assets/fonts/Taviraj/Taviraj-Thin.ttf"; sourceTree = "<group>"; fileEncoding = undefined; lastKnownFileType = unknown; explicitFileType = undefined; includeInIndex = 0; };
		05003D3FDE014D8F9DD4D92B /* Taviraj-ThinItalic.ttf */ = {isa = PBXFileReference; name = "Taviraj-ThinItalic.ttf"; path = "../lib/assets/fonts/Taviraj/Taviraj-ThinItalic.ttf"; sourceTree = "<group>"; fileEncoding = undefined; lastKnownFileType = unknown; explicitFileType = undefined; includeInIndex = 0; };
		DCBD331284AC41ED98BDE704 /* Montserrat-Black.ttf */ = {isa = PBXFileReference; name = "Montserrat-Black.ttf"; path = "../lib/assets/fonts/Montserrat/Montserrat-Black.ttf"; sourceTree = "<group>"; fileEncoding = undefined; lastKnownFileType = unknown; explicitFileType = undefined; includeInIndex = 0; };
		9DF9191FC3E848BDB2133898 /* Montserrat-BlackItalic.ttf */ = {isa = PBXFileReference; name = "Montserrat-BlackItalic.ttf"; path = "../lib/assets/fonts/Montserrat/Montserrat-BlackItalic.ttf"; sourceTree = "<group>"; fileEncoding = undefined; lastKnownFileType = unknown; explicitFileType = undefined; includeInIndex = 0; };
		39BC12C076A04102972FD285 /* Montserrat-Bold.ttf */ = {isa = PBXFileReference; name = "Montserrat-Bold.ttf"; path = "../lib/assets/fonts/Montserrat/Montserrat-Bold.ttf"; sourceTree = "<group>"; fileEncoding = undefined; lastKnownFileType = unknown; explicitFileType = undefined; includeInIndex = 0; };
		14A5E0FC6E2445F8A1467975 /* Montserrat-BoldItalic.ttf */ = {isa = PBXFileReference; name = "Montserrat-BoldItalic.ttf"; path = "../lib/assets/fonts/Montserrat/Montserrat-BoldItalic.ttf"; sourceTree = "<group>"; fileEncoding = undefined; lastKnownFileType = unknown; explicitFileType = undefined; includeInIndex = 0; };
		33DCF1E0BE2F44D1AB87B269 /* Montserrat-ExtraBold.ttf */ = {isa = PBXFileReference; name = "Montserrat-ExtraBold.ttf"; path = "../lib/assets/fonts/Montserrat/Montserrat-ExtraBold.ttf"; sourceTree = "<group>"; fileEncoding = undefined; lastKnownFileType = unknown; explicitFileType = undefined; includeInIndex = 0; };
		F9393E08B9E5494896F12025 /* Montserrat-ExtraBoldItalic.ttf */ = {isa = PBXFileReference; name = "Montserrat-ExtraBoldItalic.ttf"; path = "../lib/assets/fonts/Montserrat/Montserrat-ExtraBoldItalic.ttf"; sourceTree = "<group>"; fileEncoding = undefined; lastKnownFileType = unknown; explicitFileType = undefined; includeInIndex = 0; };
		7BD873B324CE4F7595EA1FA7 /* Montserrat-ExtraLight.ttf */ = {isa = PBXFileReference; name = "Montserrat-ExtraLight.ttf"; path = "../lib/assets/fonts/Montserrat/Montserrat-ExtraLight.ttf"; sourceTree = "<group>"; fileEncoding = undefined; lastKnownFileType = unknown; explicitFileType = undefined; includeInIndex = 0; };
		793FF252ACD1478EA7FBC310 /* Montserrat-ExtraLightItalic.ttf */ = {isa = PBXFileReference; name = "Montserrat-ExtraLightItalic.ttf"; path = "../lib/assets/fonts/Montserrat/Montserrat-ExtraLightItalic.ttf"; sourceTree = "<group>"; fileEncoding = undefined; lastKnownFileType = unknown; explicitFileType = undefined; includeInIndex = 0; };
		27B9F8FCA8454B028652368D /* Montserrat-Italic.ttf */ = {isa = PBXFileReference; name = "Montserrat-Italic.ttf"; path = "../lib/assets/fonts/Montserrat/Montserrat-Italic.ttf"; sourceTree = "<group>"; fileEncoding = undefined; lastKnownFileType = unknown; explicitFileType = undefined; includeInIndex = 0; };
		CDAEC765883D47CABBB03ED8 /* Montserrat-Light.ttf */ = {isa = PBXFileReference; name = "Montserrat-Light.ttf"; path = "../lib/assets/fonts/Montserrat/Montserrat-Light.ttf"; sourceTree = "<group>"; fileEncoding = undefined; lastKnownFileType = unknown; explicitFileType = undefined; includeInIndex = 0; };
		3D0F21BD574842F2AEE2B186 /* Montserrat-LightItalic.ttf */ = {isa = PBXFileReference; name = "Montserrat-LightItalic.ttf"; path = "../lib/assets/fonts/Montserrat/Montserrat-LightItalic.ttf"; sourceTree = "<group>"; fileEncoding = undefined; lastKnownFileType = unknown; explicitFileType = undefined; includeInIndex = 0; };
		58A2B847D22D4B1C8EBB4E25 /* Montserrat-Medium.ttf */ = {isa = PBXFileReference; name = "Montserrat-Medium.ttf"; path = "../lib/assets/fonts/Montserrat/Montserrat-Medium.ttf"; sourceTree = "<group>"; fileEncoding = undefined; lastKnownFileType = unknown; explicitFileType = undefined; includeInIndex = 0; };
		ACC5334894E9489E94FC7222 /* Montserrat-MediumItalic.ttf */ = {isa = PBXFileReference; name = "Montserrat-MediumItalic.ttf"; path = "../lib/assets/fonts/Montserrat/Montserrat-MediumItalic.ttf"; sourceTree = "<group>"; fileEncoding = undefined; lastKnownFileType = unknown; explicitFileType = undefined; includeInIndex = 0; };
		11FA799984024FCF9666C1A2 /* Montserrat-Regular.ttf */ = {isa = PBXFileReference; name = "Montserrat-Regular.ttf"; path = "../lib/assets/fonts/Montserrat/Montserrat-Regular.ttf"; sourceTree = "<group>"; fileEncoding = undefined; lastKnownFileType = unknown; explicitFileType = undefined; includeInIndex = 0; };
		524EF09AE71243E998E176E5 /* Montserrat-SemiBold.ttf */ = {isa = PBXFileReference; name = "Montserrat-SemiBold.ttf"; path = "../lib/assets/fonts/Montserrat/Montserrat-SemiBold.ttf"; sourceTree = "<group>"; fileEncoding = undefined; lastKnownFileType = unknown; explicitFileType = undefined; includeInIndex = 0; };
		C93075DCF1234AB0B8250451 /* Montserrat-SemiBoldItalic.ttf */ = {isa = PBXFileReference; name = "Montserrat-SemiBoldItalic.ttf"; path = "../lib/assets/fonts/Montserrat/Montserrat-SemiBoldItalic.ttf"; sourceTree = "<group>"; fileEncoding = undefined; lastKnownFileType = unknown; explicitFileType = undefined; includeInIndex = 0; };
		6DDA632B7DDC42FDB6D5C10D /* Montserrat-Thin.ttf */ = {isa = PBXFileReference; name = "Montserrat-Thin.ttf"; path = "../lib/assets/fonts/Montserrat/Montserrat-Thin.ttf"; sourceTree = "<group>"; fileEncoding = undefined; lastKnownFileType = unknown; explicitFileType = undefined; includeInIndex = 0; };
		9F361386F9964E6CBE76BA83 /* Montserrat-ThinItalic.ttf */ = {isa = PBXFileReference; name = "Montserrat-ThinItalic.ttf"; path = "../lib/assets/fonts/Montserrat/Montserrat-ThinItalic.ttf"; sourceTree = "<group>"; fileEncoding = undefined; lastKnownFileType = unknown; explicitFileType = undefined; includeInIndex = 0; };
/* End PBXFileReference section */

/* Begin PBXFrameworksBuildPhase section */
		00E356EB1AD99517003FC87E /* Frameworks */ = {
			isa = PBXFrameworksBuildPhase;
			buildActionMask = 2147483647;
			files = (
				0A4BC4C7D0028ABF6B48692B /* libPods-exampleTests.a in Frameworks */,
			);
			runOnlyForDeploymentPostprocessing = 0;
		};
		13B07F8C1A680F5B00A75B9A /* Frameworks */ = {
			isa = PBXFrameworksBuildPhase;
			buildActionMask = 2147483647;
			files = (
				C4E21DBEF0F0D67D9FE6DC23 /* libPods-example.a in Frameworks */,
			);
			runOnlyForDeploymentPostprocessing = 0;
		};
		2D02E4781E0B4A5D006451C7 /* Frameworks */ = {
			isa = PBXFrameworksBuildPhase;
			buildActionMask = 2147483647;
			files = (
				8563EF02CAD2943D47784C27 /* libPods-example-tvOS.a in Frameworks */,
			);
			runOnlyForDeploymentPostprocessing = 0;
		};
		2D02E48D1E0B4A5D006451C7 /* Frameworks */ = {
			isa = PBXFrameworksBuildPhase;
			buildActionMask = 2147483647;
			files = (
				5FB0BD328F1F20B9529078EE /* libPods-example-tvOSTests.a in Frameworks */,
			);
			runOnlyForDeploymentPostprocessing = 0;
		};
/* End PBXFrameworksBuildPhase section */

/* Begin PBXGroup section */
		00E356EF1AD99517003FC87E /* exampleTests */ = {
			isa = PBXGroup;
			children = (
				00E356F21AD99517003FC87E /* exampleTests.m */,
				00E356F01AD99517003FC87E /* Supporting Files */,
			);
			path = exampleTests;
			sourceTree = "<group>";
		};
		00E356F01AD99517003FC87E /* Supporting Files */ = {
			isa = PBXGroup;
			children = (
				00E356F11AD99517003FC87E /* Info.plist */,
			);
			name = "Supporting Files";
			sourceTree = "<group>";
		};
		13B07FAE1A68108700A75B9A /* example */ = {
			isa = PBXGroup;
			children = (
				008F07F21AC5B25A0029DE68 /* main.jsbundle */,
				13B07FAF1A68108700A75B9A /* AppDelegate.h */,
				13B07FB01A68108700A75B9A /* AppDelegate.m */,
				13B07FB51A68108700A75B9A /* Images.xcassets */,
				13B07FB61A68108700A75B9A /* Info.plist */,
				13B07FB11A68108700A75B9A /* LaunchScreen.xib */,
				13B07FB71A68108700A75B9A /* main.m */,
			);
			name = example;
			sourceTree = "<group>";
		};
		2D16E6871FA4F8E400B85C8A /* Frameworks */ = {
			isa = PBXGroup;
			children = (
				ED297162215061F000B7C4FE /* JavaScriptCore.framework */,
				ED2971642150620600B7C4FE /* JavaScriptCore.framework */,
				E48A3CDA7FA493327C29BBD1 /* libPods-example.a */,
				95BEDEDD90DB09EB40F22AF4 /* libPods-example-tvOS.a */,
				45C4C82D329B04863D6AF5B8 /* libPods-example-tvOSTests.a */,
				FEBF0AA95D64B55DF2E7B4EC /* libPods-exampleTests.a */,
			);
			name = Frameworks;
			sourceTree = "<group>";
		};
		832341AE1AAA6A7D00B99B32 /* Libraries */ = {
			isa = PBXGroup;
			children = (
			);
			name = Libraries;
			sourceTree = "<group>";
		};
		83CBB9F61A601CBA00E9B192 = {
			isa = PBXGroup;
			children = (
				13B07FAE1A68108700A75B9A /* example */,
				832341AE1AAA6A7D00B99B32 /* Libraries */,
				00E356EF1AD99517003FC87E /* exampleTests */,
				83CBBA001A601CBA00E9B192 /* Products */,
				2D16E6871FA4F8E400B85C8A /* Frameworks */,
				E4EEFD00BBFD34F8AE7DB455 /* Pods */,
				3C1A5CE710844A9C8430BC9B /* Resources */,
			);
			indentWidth = 2;
			sourceTree = "<group>";
			tabWidth = 2;
			usesTabs = 0;
		};
		83CBBA001A601CBA00E9B192 /* Products */ = {
			isa = PBXGroup;
			children = (
				13B07F961A680F5B00A75B9A /* example.app */,
				00E356EE1AD99517003FC87E /* exampleTests.xctest */,
				2D02E47B1E0B4A5D006451C7 /* example-tvOS.app */,
				2D02E4901E0B4A5D006451C7 /* example-tvOSTests.xctest */,
			);
			name = Products;
			sourceTree = "<group>";
		};
		E4EEFD00BBFD34F8AE7DB455 /* Pods */ = {
			isa = PBXGroup;
			children = (
				03F1C74277FD133389711197 /* Pods-example.debug.xcconfig */,
				3798F77D8F41A2A0F7180F2F /* Pods-example.release.xcconfig */,
				9AB97323416ED699CD676495 /* Pods-example-tvOS.debug.xcconfig */,
				8169C3656CEA9D58C2F8B618 /* Pods-example-tvOS.release.xcconfig */,
				D7B893821E56231CDFE5B964 /* Pods-example-tvOSTests.debug.xcconfig */,
				E9A8A4FB4756A401A90B8094 /* Pods-example-tvOSTests.release.xcconfig */,
				329EF7967EDF3733098E2FB1 /* Pods-exampleTests.debug.xcconfig */,
				2628CB0D0AF623B4BACD3107 /* Pods-exampleTests.release.xcconfig */,
			);
			name = Pods;
			path = Pods;
			sourceTree = "<group>";
		};
		3C1A5CE710844A9C8430BC9B /* Resources */ = {
			isa = "PBXGroup";
			children = (
				6B37665930DC49B9AFF91C69 /* JosefinSans-Bold.ttf */,
				360309FA22E94215BC278582 /* JosefinSans-BoldItalic.ttf */,
				CFF6434989F6477C91A48592 /* JosefinSans-Italic.ttf */,
				589872344F0D4DE0A9DF1250 /* JosefinSans-Light.ttf */,
				E521406904B94D9DA83399EA /* JosefinSans-LightItalic.ttf */,
				F7AA33E93CC8490D9C02E7A3 /* JosefinSans-Regular.ttf */,
				6C19300F6968481DB5665F34 /* JosefinSans-SemiBold.ttf */,
				749B18E8607A445F84E834B6 /* JosefinSans-SemiBoldItalic.ttf */,
				2FF5251D916A421DB287E02B /* JosefinSans-Thin.ttf */,
				094BC4743CF34C76A34C665B /* JosefinSans-ThinItalic.ttf */,
				E00ADA465D7841DEA9174724 /* Taviraj-Black.ttf */,
				3283EF275BCE44488AA1A362 /* Taviraj-BlackItalic.ttf */,
				ACD1F201BFDE46B49491FA76 /* Taviraj-Bold.ttf */,
				7E6BAAD5FD3E478788DE5393 /* Taviraj-BoldItalic.ttf */,
				CE75845DFBD74263BA9C7497 /* Taviraj-ExtraBold.ttf */,
				D8807D7BE79E4F9DB5E74BF2 /* Taviraj-ExtraBoldItalic.ttf */,
				1DACDA5E9B3C490CBBAD90CC /* Taviraj-ExtraLight.ttf */,
				21824869984E4DE28E5D53CE /* Taviraj-ExtraLightItalic.ttf */,
				141A19771A604D0594FBF76B /* Taviraj-Italic.ttf */,
				5D2AB56B352A441FAF32F27C /* Taviraj-Light.ttf */,
				37A95695DB254AA285406758 /* Taviraj-LightItalic.ttf */,
				7B99ECFE0F2742189ED48E0B /* Taviraj-Medium.ttf */,
				95739D64EB894E468770C48D /* Taviraj-MediumItalic.ttf */,
				DC073874D16445F0BDF98D76 /* Taviraj-Regular.ttf */,
				864A716396A44F6BA5B69BFD /* Taviraj-SemiBold.ttf */,
				BB980BF668AB45A1B498D1D5 /* Taviraj-SemiBoldItalic.ttf */,
				8EEBA974970C43A18C5B2919 /* Taviraj-Thin.ttf */,
				05003D3FDE014D8F9DD4D92B /* Taviraj-ThinItalic.ttf */,
				DCBD331284AC41ED98BDE704 /* Montserrat-Black.ttf */,
				9DF9191FC3E848BDB2133898 /* Montserrat-BlackItalic.ttf */,
				39BC12C076A04102972FD285 /* Montserrat-Bold.ttf */,
				14A5E0FC6E2445F8A1467975 /* Montserrat-BoldItalic.ttf */,
				33DCF1E0BE2F44D1AB87B269 /* Montserrat-ExtraBold.ttf */,
				F9393E08B9E5494896F12025 /* Montserrat-ExtraBoldItalic.ttf */,
				7BD873B324CE4F7595EA1FA7 /* Montserrat-ExtraLight.ttf */,
				793FF252ACD1478EA7FBC310 /* Montserrat-ExtraLightItalic.ttf */,
				27B9F8FCA8454B028652368D /* Montserrat-Italic.ttf */,
				CDAEC765883D47CABBB03ED8 /* Montserrat-Light.ttf */,
				3D0F21BD574842F2AEE2B186 /* Montserrat-LightItalic.ttf */,
				58A2B847D22D4B1C8EBB4E25 /* Montserrat-Medium.ttf */,
				ACC5334894E9489E94FC7222 /* Montserrat-MediumItalic.ttf */,
				11FA799984024FCF9666C1A2 /* Montserrat-Regular.ttf */,
				524EF09AE71243E998E176E5 /* Montserrat-SemiBold.ttf */,
				C93075DCF1234AB0B8250451 /* Montserrat-SemiBoldItalic.ttf */,
				6DDA632B7DDC42FDB6D5C10D /* Montserrat-Thin.ttf */,
				9F361386F9964E6CBE76BA83 /* Montserrat-ThinItalic.ttf */,
			);
			name = Resources;
			sourceTree = "<group>";
			path = "";
		};
/* End PBXGroup section */

/* Begin PBXNativeTarget section */
		00E356ED1AD99517003FC87E /* exampleTests */ = {
			isa = PBXNativeTarget;
			buildConfigurationList = 00E357021AD99517003FC87E /* Build configuration list for PBXNativeTarget "exampleTests" */;
			buildPhases = (
				F7AA057B01A89980910B530B /* [CP] Check Pods Manifest.lock */,
				00E356EA1AD99517003FC87E /* Sources */,
				00E356EB1AD99517003FC87E /* Frameworks */,
				00E356EC1AD99517003FC87E /* Resources */,
			);
			buildRules = (
			);
			dependencies = (
				00E356F51AD99517003FC87E /* PBXTargetDependency */,
			);
			name = exampleTests;
			productName = exampleTests;
			productReference = 00E356EE1AD99517003FC87E /* exampleTests.xctest */;
			productType = "com.apple.product-type.bundle.unit-test";
		};
		13B07F861A680F5B00A75B9A /* example */ = {
			isa = PBXNativeTarget;
			buildConfigurationList = 13B07F931A680F5B00A75B9A /* Build configuration list for PBXNativeTarget "example" */;
			buildPhases = (
				3FF007BF32DAE7CA06DB6B68 /* [CP] Check Pods Manifest.lock */,
				FD10A7F022414F080027D42C /* Start Packager */,
				13B07F871A680F5B00A75B9A /* Sources */,
				13B07F8C1A680F5B00A75B9A /* Frameworks */,
				13B07F8E1A680F5B00A75B9A /* Resources */,
				00DD1BFF1BD5951E006B06BC /* Bundle React Native code and images */,
			);
			buildRules = (
			);
			dependencies = (
			);
			name = example;
			productName = example;
			productReference = 13B07F961A680F5B00A75B9A /* example.app */;
			productType = "com.apple.product-type.application";
		};
		2D02E47A1E0B4A5D006451C7 /* example-tvOS */ = {
			isa = PBXNativeTarget;
			buildConfigurationList = 2D02E4BA1E0B4A5E006451C7 /* Build configuration list for PBXNativeTarget "example-tvOS" */;
			buildPhases = (
				CE32D389D637A06836D945CC /* [CP] Check Pods Manifest.lock */,
				FD10A7F122414F3F0027D42C /* Start Packager */,
				2D02E4771E0B4A5D006451C7 /* Sources */,
				2D02E4781E0B4A5D006451C7 /* Frameworks */,
				2D02E4791E0B4A5D006451C7 /* Resources */,
				2D02E4CB1E0B4B27006451C7 /* Bundle React Native Code And Images */,
			);
			buildRules = (
			);
			dependencies = (
			);
			name = "example-tvOS";
			productName = "example-tvOS";
			productReference = 2D02E47B1E0B4A5D006451C7 /* example-tvOS.app */;
			productType = "com.apple.product-type.application";
		};
		2D02E48F1E0B4A5D006451C7 /* example-tvOSTests */ = {
			isa = PBXNativeTarget;
			buildConfigurationList = 2D02E4BB1E0B4A5E006451C7 /* Build configuration list for PBXNativeTarget "example-tvOSTests" */;
			buildPhases = (
				5A2B98F48ED27646C151FE83 /* [CP] Check Pods Manifest.lock */,
				2D02E48C1E0B4A5D006451C7 /* Sources */,
				2D02E48D1E0B4A5D006451C7 /* Frameworks */,
				2D02E48E1E0B4A5D006451C7 /* Resources */,
			);
			buildRules = (
			);
			dependencies = (
				2D02E4921E0B4A5D006451C7 /* PBXTargetDependency */,
			);
			name = "example-tvOSTests";
			productName = "example-tvOSTests";
			productReference = 2D02E4901E0B4A5D006451C7 /* example-tvOSTests.xctest */;
			productType = "com.apple.product-type.bundle.unit-test";
		};
/* End PBXNativeTarget section */

/* Begin PBXProject section */
		83CBB9F71A601CBA00E9B192 /* Project object */ = {
			isa = PBXProject;
			attributes = {
				LastUpgradeCheck = 940;
				ORGANIZATIONNAME = Facebook;
				TargetAttributes = {
					00E356ED1AD99517003FC87E = {
						CreatedOnToolsVersion = 6.2;
						TestTargetID = 13B07F861A680F5B00A75B9A;
					};
					2D02E47A1E0B4A5D006451C7 = {
						CreatedOnToolsVersion = 8.2.1;
						ProvisioningStyle = Automatic;
					};
					2D02E48F1E0B4A5D006451C7 = {
						CreatedOnToolsVersion = 8.2.1;
						ProvisioningStyle = Automatic;
						TestTargetID = 2D02E47A1E0B4A5D006451C7;
					};
				};
			};
			buildConfigurationList = 83CBB9FA1A601CBA00E9B192 /* Build configuration list for PBXProject "example" */;
			compatibilityVersion = "Xcode 3.2";
			developmentRegion = English;
			hasScannedForEncodings = 0;
			knownRegions = (
				en,
				Base,
			);
			mainGroup = 83CBB9F61A601CBA00E9B192;
			productRefGroup = 83CBBA001A601CBA00E9B192 /* Products */;
			projectDirPath = "";
			projectRoot = "";
			targets = (
				13B07F861A680F5B00A75B9A /* example */,
				00E356ED1AD99517003FC87E /* exampleTests */,
				2D02E47A1E0B4A5D006451C7 /* example-tvOS */,
				2D02E48F1E0B4A5D006451C7 /* example-tvOSTests */,
			);
		};
/* End PBXProject section */

/* Begin PBXResourcesBuildPhase section */
		00E356EC1AD99517003FC87E /* Resources */ = {
			isa = PBXResourcesBuildPhase;
			buildActionMask = 2147483647;
			files = (
			);
			runOnlyForDeploymentPostprocessing = 0;
		};
		13B07F8E1A680F5B00A75B9A /* Resources */ = {
			isa = PBXResourcesBuildPhase;
			buildActionMask = 2147483647;
			files = (
				13B07FBF1A68108700A75B9A /* Images.xcassets in Resources */,
				13B07FBD1A68108700A75B9A /* LaunchScreen.xib in Resources */,
				FBB7715CB3034D2ABD1FC52C /* JosefinSans-Bold.ttf in Resources */,
				FDDD9CD8841D4B06A3FECDEE /* JosefinSans-BoldItalic.ttf in Resources */,
				EA17F001F15649C1B176314D /* JosefinSans-Italic.ttf in Resources */,
				DD78F07E8488445189C307AC /* JosefinSans-Light.ttf in Resources */,
				D02B7E5AE34F4FB39ECD0533 /* JosefinSans-LightItalic.ttf in Resources */,
				B59AFF6E5A5C47888CF3A8DB /* JosefinSans-Regular.ttf in Resources */,
				27F2021635844504A5FDBFA4 /* JosefinSans-SemiBold.ttf in Resources */,
				B8169A78C2FA45C083664C84 /* JosefinSans-SemiBoldItalic.ttf in Resources */,
				513A2C933409436B810D4858 /* JosefinSans-Thin.ttf in Resources */,
				5070145C4B4F47658AB3E040 /* JosefinSans-ThinItalic.ttf in Resources */,
				0F247979C4BB4E4F84376BAD /* Taviraj-Black.ttf in Resources */,
				F7FD5B5F4D3B40748F5A250C /* Taviraj-BlackItalic.ttf in Resources */,
				EFCA4A1493D0465AB701F772 /* Taviraj-Bold.ttf in Resources */,
				CE29F07975334748ACA4E03D /* Taviraj-BoldItalic.ttf in Resources */,
				A04E5B72168E4564992B08F3 /* Taviraj-ExtraBold.ttf in Resources */,
				632F087268A64905B30D2BC1 /* Taviraj-ExtraBoldItalic.ttf in Resources */,
				F232FC68EBD04F0EA9089F10 /* Taviraj-ExtraLight.ttf in Resources */,
				4160F54F7AC14CB2B9DCCFE2 /* Taviraj-ExtraLightItalic.ttf in Resources */,
				F0C1A5EB1B5143888DA1EB7A /* Taviraj-Italic.ttf in Resources */,
				E70D1BC61FB34643B0793A5B /* Taviraj-Light.ttf in Resources */,
				9D1C8377C51D439087B2AAC6 /* Taviraj-LightItalic.ttf in Resources */,
				83ED7CDE0A7045708A51750B /* Taviraj-Medium.ttf in Resources */,
				D8C709448635440BB6AC0A82 /* Taviraj-MediumItalic.ttf in Resources */,
				B094AC341E664C4BB86B6DD6 /* Taviraj-Regular.ttf in Resources */,
				12B9A2DD218C4A67B50C7F2D /* Taviraj-SemiBold.ttf in Resources */,
				5D9D37BCE2AF4E9793A042ED /* Taviraj-SemiBoldItalic.ttf in Resources */,
				ED1C04BB2E5E42B28C35027A /* Taviraj-Thin.ttf in Resources */,
				153F7892DC7E4F2F87C6B139 /* Taviraj-ThinItalic.ttf in Resources */,
				F6EA04AAA4B44D7D84D7A97B /* Montserrat-Black.ttf in Resources */,
				506742B54A954A3587F5C733 /* Montserrat-BlackItalic.ttf in Resources */,
				6ADBE1F5F3EF4D7AB044B2A4 /* Montserrat-Bold.ttf in Resources */,
				F3FE4B421F024C45AE6D8F5A /* Montserrat-BoldItalic.ttf in Resources */,
				2D2EA3B696504BFC9F6A6DDF /* Montserrat-ExtraBold.ttf in Resources */,
				53E93653BD8D412CA323CFA8 /* Montserrat-ExtraBoldItalic.ttf in Resources */,
				002BE4090BD44B53880CC211 /* Montserrat-ExtraLight.ttf in Resources */,
				ACC3AACD44D942A391904BE6 /* Montserrat-ExtraLightItalic.ttf in Resources */,
				F65D69262A744E43A4932487 /* Montserrat-Italic.ttf in Resources */,
				0D9348A2BA8B46DE90255E98 /* Montserrat-Light.ttf in Resources */,
				1C0939EE558141DE9B6FBB05 /* Montserrat-LightItalic.ttf in Resources */,
				AF8A3D7198584B15B1F82C23 /* Montserrat-Medium.ttf in Resources */,
				17DBA8BE742049D193A8DD8A /* Montserrat-MediumItalic.ttf in Resources */,
				74F345427E8B43EFA9C0EAAE /* Montserrat-Regular.ttf in Resources */,
				1AFC77D99C4147DE9619F43E /* Montserrat-SemiBold.ttf in Resources */,
				3BA0472748A449119237C5BD /* Montserrat-SemiBoldItalic.ttf in Resources */,
				57D95433E55D427193FEFF6B /* Montserrat-Thin.ttf in Resources */,
				29C2FB1D309C45A79D24541D /* Montserrat-ThinItalic.ttf in Resources */,
			);
			runOnlyForDeploymentPostprocessing = 0;
		};
		2D02E4791E0B4A5D006451C7 /* Resources */ = {
			isa = PBXResourcesBuildPhase;
			buildActionMask = 2147483647;
			files = (
				2D02E4BD1E0B4A84006451C7 /* Images.xcassets in Resources */,
			);
			runOnlyForDeploymentPostprocessing = 0;
		};
		2D02E48E1E0B4A5D006451C7 /* Resources */ = {
			isa = PBXResourcesBuildPhase;
			buildActionMask = 2147483647;
			files = (
			);
			runOnlyForDeploymentPostprocessing = 0;
		};
/* End PBXResourcesBuildPhase section */

/* Begin PBXShellScriptBuildPhase section */
		00DD1BFF1BD5951E006B06BC /* Bundle React Native code and images */ = {
			isa = PBXShellScriptBuildPhase;
			buildActionMask = 2147483647;
			files = (
			);
			inputPaths = (
			);
			name = "Bundle React Native code and images";
			outputPaths = (
			);
			runOnlyForDeploymentPostprocessing = 0;
			shellPath = /bin/sh;
			shellScript = "export NODE_BINARY=node\n../node_modules/react-native/scripts/react-native-xcode.sh";
		};
		2D02E4CB1E0B4B27006451C7 /* Bundle React Native Code And Images */ = {
			isa = PBXShellScriptBuildPhase;
			buildActionMask = 2147483647;
			files = (
			);
			inputPaths = (
			);
			name = "Bundle React Native Code And Images";
			outputPaths = (
			);
			runOnlyForDeploymentPostprocessing = 0;
			shellPath = /bin/sh;
			shellScript = "export NODE_BINARY=node\n../node_modules/react-native/scripts/react-native-xcode.sh";
		};
		3FF007BF32DAE7CA06DB6B68 /* [CP] Check Pods Manifest.lock */ = {
			isa = PBXShellScriptBuildPhase;
			buildActionMask = 2147483647;
			files = (
			);
			inputFileListPaths = (
			);
			inputPaths = (
				"${PODS_PODFILE_DIR_PATH}/Podfile.lock",
				"${PODS_ROOT}/Manifest.lock",
			);
			name = "[CP] Check Pods Manifest.lock";
			outputFileListPaths = (
			);
			outputPaths = (
				"$(DERIVED_FILE_DIR)/Pods-example-checkManifestLockResult.txt",
			);
			runOnlyForDeploymentPostprocessing = 0;
			shellPath = /bin/sh;
			shellScript = "diff \"${PODS_PODFILE_DIR_PATH}/Podfile.lock\" \"${PODS_ROOT}/Manifest.lock\" > /dev/null\nif [ $? != 0 ] ; then\n    # print error to STDERR\n    echo \"error: The sandbox is not in sync with the Podfile.lock. Run 'pod install' or update your CocoaPods installation.\" >&2\n    exit 1\nfi\n# This output is used by Xcode 'outputs' to avoid re-running this script phase.\necho \"SUCCESS\" > \"${SCRIPT_OUTPUT_FILE_0}\"\n";
			showEnvVarsInLog = 0;
		};
		5A2B98F48ED27646C151FE83 /* [CP] Check Pods Manifest.lock */ = {
			isa = PBXShellScriptBuildPhase;
			buildActionMask = 2147483647;
			files = (
			);
			inputFileListPaths = (
			);
			inputPaths = (
				"${PODS_PODFILE_DIR_PATH}/Podfile.lock",
				"${PODS_ROOT}/Manifest.lock",
			);
			name = "[CP] Check Pods Manifest.lock";
			outputFileListPaths = (
			);
			outputPaths = (
				"$(DERIVED_FILE_DIR)/Pods-example-tvOSTests-checkManifestLockResult.txt",
			);
			runOnlyForDeploymentPostprocessing = 0;
			shellPath = /bin/sh;
			shellScript = "diff \"${PODS_PODFILE_DIR_PATH}/Podfile.lock\" \"${PODS_ROOT}/Manifest.lock\" > /dev/null\nif [ $? != 0 ] ; then\n    # print error to STDERR\n    echo \"error: The sandbox is not in sync with the Podfile.lock. Run 'pod install' or update your CocoaPods installation.\" >&2\n    exit 1\nfi\n# This output is used by Xcode 'outputs' to avoid re-running this script phase.\necho \"SUCCESS\" > \"${SCRIPT_OUTPUT_FILE_0}\"\n";
			showEnvVarsInLog = 0;
		};
		CE32D389D637A06836D945CC /* [CP] Check Pods Manifest.lock */ = {
			isa = PBXShellScriptBuildPhase;
			buildActionMask = 2147483647;
			files = (
			);
			inputFileListPaths = (
			);
			inputPaths = (
				"${PODS_PODFILE_DIR_PATH}/Podfile.lock",
				"${PODS_ROOT}/Manifest.lock",
			);
			name = "[CP] Check Pods Manifest.lock";
			outputFileListPaths = (
			);
			outputPaths = (
				"$(DERIVED_FILE_DIR)/Pods-example-tvOS-checkManifestLockResult.txt",
			);
			runOnlyForDeploymentPostprocessing = 0;
			shellPath = /bin/sh;
			shellScript = "diff \"${PODS_PODFILE_DIR_PATH}/Podfile.lock\" \"${PODS_ROOT}/Manifest.lock\" > /dev/null\nif [ $? != 0 ] ; then\n    # print error to STDERR\n    echo \"error: The sandbox is not in sync with the Podfile.lock. Run 'pod install' or update your CocoaPods installation.\" >&2\n    exit 1\nfi\n# This output is used by Xcode 'outputs' to avoid re-running this script phase.\necho \"SUCCESS\" > \"${SCRIPT_OUTPUT_FILE_0}\"\n";
			showEnvVarsInLog = 0;
		};
		F7AA057B01A89980910B530B /* [CP] Check Pods Manifest.lock */ = {
			isa = PBXShellScriptBuildPhase;
			buildActionMask = 2147483647;
			files = (
			);
			inputFileListPaths = (
			);
			inputPaths = (
				"${PODS_PODFILE_DIR_PATH}/Podfile.lock",
				"${PODS_ROOT}/Manifest.lock",
			);
			name = "[CP] Check Pods Manifest.lock";
			outputFileListPaths = (
			);
			outputPaths = (
				"$(DERIVED_FILE_DIR)/Pods-exampleTests-checkManifestLockResult.txt",
			);
			runOnlyForDeploymentPostprocessing = 0;
			shellPath = /bin/sh;
			shellScript = "diff \"${PODS_PODFILE_DIR_PATH}/Podfile.lock\" \"${PODS_ROOT}/Manifest.lock\" > /dev/null\nif [ $? != 0 ] ; then\n    # print error to STDERR\n    echo \"error: The sandbox is not in sync with the Podfile.lock. Run 'pod install' or update your CocoaPods installation.\" >&2\n    exit 1\nfi\n# This output is used by Xcode 'outputs' to avoid re-running this script phase.\necho \"SUCCESS\" > \"${SCRIPT_OUTPUT_FILE_0}\"\n";
			showEnvVarsInLog = 0;
		};
		FD10A7F022414F080027D42C /* Start Packager */ = {
			isa = PBXShellScriptBuildPhase;
			buildActionMask = 2147483647;
			files = (
			);
			inputFileListPaths = (
			);
			inputPaths = (
			);
			name = "Start Packager";
			outputFileListPaths = (
			);
			outputPaths = (
			);
			runOnlyForDeploymentPostprocessing = 0;
			shellPath = /bin/sh;
			shellScript = "export RCT_METRO_PORT=\"${RCT_METRO_PORT:=8081}\"\necho \"export RCT_METRO_PORT=${RCT_METRO_PORT}\" > \"${SRCROOT}/../node_modules/react-native/scripts/.packager.env\"\nif [ -z \"${RCT_NO_LAUNCH_PACKAGER+xxx}\" ] ; then\n  if nc -w 5 -z localhost ${RCT_METRO_PORT} ; then\n    if ! curl -s \"http://localhost:${RCT_METRO_PORT}/status\" | grep -q \"packager-status:running\" ; then\n      echo \"Port ${RCT_METRO_PORT} already in use, packager is either not running or not running correctly\"\n      exit 2\n    fi\n  else\n    open \"$SRCROOT/../node_modules/react-native/scripts/launchPackager.command\" || echo \"Can't start packager automatically\"\n  fi\nfi\n";
			showEnvVarsInLog = 0;
		};
		FD10A7F122414F3F0027D42C /* Start Packager */ = {
			isa = PBXShellScriptBuildPhase;
			buildActionMask = 2147483647;
			files = (
			);
			inputFileListPaths = (
			);
			inputPaths = (
			);
			name = "Start Packager";
			outputFileListPaths = (
			);
			outputPaths = (
			);
			runOnlyForDeploymentPostprocessing = 0;
			shellPath = /bin/sh;
			shellScript = "export RCT_METRO_PORT=\"${RCT_METRO_PORT:=8081}\"\necho \"export RCT_METRO_PORT=${RCT_METRO_PORT}\" > \"${SRCROOT}/../node_modules/react-native/scripts/.packager.env\"\nif [ -z \"${RCT_NO_LAUNCH_PACKAGER+xxx}\" ] ; then\n  if nc -w 5 -z localhost ${RCT_METRO_PORT} ; then\n    if ! curl -s \"http://localhost:${RCT_METRO_PORT}/status\" | grep -q \"packager-status:running\" ; then\n      echo \"Port ${RCT_METRO_PORT} already in use, packager is either not running or not running correctly\"\n      exit 2\n    fi\n  else\n    open \"$SRCROOT/../node_modules/react-native/scripts/launchPackager.command\" || echo \"Can't start packager automatically\"\n  fi\nfi\n";
			showEnvVarsInLog = 0;
		};
/* End PBXShellScriptBuildPhase section */

/* Begin PBXSourcesBuildPhase section */
		00E356EA1AD99517003FC87E /* Sources */ = {
			isa = PBXSourcesBuildPhase;
			buildActionMask = 2147483647;
			files = (
				00E356F31AD99517003FC87E /* exampleTests.m in Sources */,
			);
			runOnlyForDeploymentPostprocessing = 0;
		};
		13B07F871A680F5B00A75B9A /* Sources */ = {
			isa = PBXSourcesBuildPhase;
			buildActionMask = 2147483647;
			files = (
				13B07FBC1A68108700A75B9A /* AppDelegate.m in Sources */,
				13B07FC11A68108700A75B9A /* main.m in Sources */,
			);
			runOnlyForDeploymentPostprocessing = 0;
		};
		2D02E4771E0B4A5D006451C7 /* Sources */ = {
			isa = PBXSourcesBuildPhase;
			buildActionMask = 2147483647;
			files = (
				2D02E4BF1E0B4AB3006451C7 /* main.m in Sources */,
				2D02E4BC1E0B4A80006451C7 /* AppDelegate.m in Sources */,
			);
			runOnlyForDeploymentPostprocessing = 0;
		};
		2D02E48C1E0B4A5D006451C7 /* Sources */ = {
			isa = PBXSourcesBuildPhase;
			buildActionMask = 2147483647;
			files = (
				2DCD954D1E0B4F2C00145EB5 /* exampleTests.m in Sources */,
			);
			runOnlyForDeploymentPostprocessing = 0;
		};
/* End PBXSourcesBuildPhase section */

/* Begin PBXTargetDependency section */
		00E356F51AD99517003FC87E /* PBXTargetDependency */ = {
			isa = PBXTargetDependency;
			target = 13B07F861A680F5B00A75B9A /* example */;
			targetProxy = 00E356F41AD99517003FC87E /* PBXContainerItemProxy */;
		};
		2D02E4921E0B4A5D006451C7 /* PBXTargetDependency */ = {
			isa = PBXTargetDependency;
			target = 2D02E47A1E0B4A5D006451C7 /* example-tvOS */;
			targetProxy = 2D02E4911E0B4A5D006451C7 /* PBXContainerItemProxy */;
		};
/* End PBXTargetDependency section */

/* Begin PBXVariantGroup section */
		13B07FB11A68108700A75B9A /* LaunchScreen.xib */ = {
			isa = PBXVariantGroup;
			children = (
				13B07FB21A68108700A75B9A /* Base */,
			);
			name = LaunchScreen.xib;
			path = example;
			sourceTree = "<group>";
		};
/* End PBXVariantGroup section */

/* Begin XCBuildConfiguration section */
		00E356F61AD99517003FC87E /* Debug */ = {
			isa = XCBuildConfiguration;
			baseConfigurationReference = 329EF7967EDF3733098E2FB1 /* Pods-exampleTests.debug.xcconfig */;
			buildSettings = {
				BUNDLE_LOADER = "$(TEST_HOST)";
				GCC_PREPROCESSOR_DEFINITIONS = (
					"DEBUG=1",
					"$(inherited)",
				);
				INFOPLIST_FILE = exampleTests/Info.plist;
				IPHONEOS_DEPLOYMENT_TARGET = 9.0;
				LD_RUNPATH_SEARCH_PATHS = "$(inherited) @executable_path/Frameworks @loader_path/Frameworks";
				OTHER_LDFLAGS = (
					"-ObjC",
					"-lc++",
					"$(inherited)",
				);
				PRODUCT_BUNDLE_IDENTIFIER = "org.reactjs.native.example.$(PRODUCT_NAME:rfc1034identifier)";
				PRODUCT_NAME = "$(TARGET_NAME)";
				TEST_HOST = "$(BUILT_PRODUCTS_DIR)/example.app/example";
			};
			name = Debug;
		};
		00E356F71AD99517003FC87E /* Release */ = {
			isa = XCBuildConfiguration;
			baseConfigurationReference = 2628CB0D0AF623B4BACD3107 /* Pods-exampleTests.release.xcconfig */;
			buildSettings = {
				BUNDLE_LOADER = "$(TEST_HOST)";
				COPY_PHASE_STRIP = NO;
				INFOPLIST_FILE = exampleTests/Info.plist;
				IPHONEOS_DEPLOYMENT_TARGET = 9.0;
				LD_RUNPATH_SEARCH_PATHS = "$(inherited) @executable_path/Frameworks @loader_path/Frameworks";
				OTHER_LDFLAGS = (
					"-ObjC",
					"-lc++",
					"$(inherited)",
				);
				PRODUCT_BUNDLE_IDENTIFIER = "org.reactjs.native.example.$(PRODUCT_NAME:rfc1034identifier)";
				PRODUCT_NAME = "$(TARGET_NAME)";
				TEST_HOST = "$(BUILT_PRODUCTS_DIR)/example.app/example";
			};
			name = Release;
		};
		13B07F941A680F5B00A75B9A /* Debug */ = {
			isa = XCBuildConfiguration;
			baseConfigurationReference = 03F1C74277FD133389711197 /* Pods-example.debug.xcconfig */;
			buildSettings = {
				ASSETCATALOG_COMPILER_APPICON_NAME = AppIcon;
				CURRENT_PROJECT_VERSION = 1;
				DEAD_CODE_STRIPPING = NO;
				INFOPLIST_FILE = example/Info.plist;
				LD_RUNPATH_SEARCH_PATHS = "$(inherited) @executable_path/Frameworks";
				OTHER_LDFLAGS = (
					"$(inherited)",
					"-ObjC",
					"-lc++",
				);
				PRODUCT_BUNDLE_IDENTIFIER = "org.reactjs.native.example.$(PRODUCT_NAME:rfc1034identifier)";
				PRODUCT_NAME = example;
				VERSIONING_SYSTEM = "apple-generic";
			};
			name = Debug;
		};
		13B07F951A680F5B00A75B9A /* Release */ = {
			isa = XCBuildConfiguration;
			baseConfigurationReference = 3798F77D8F41A2A0F7180F2F /* Pods-example.release.xcconfig */;
			buildSettings = {
				ASSETCATALOG_COMPILER_APPICON_NAME = AppIcon;
				CURRENT_PROJECT_VERSION = 1;
				INFOPLIST_FILE = example/Info.plist;
				LD_RUNPATH_SEARCH_PATHS = "$(inherited) @executable_path/Frameworks";
				OTHER_LDFLAGS = (
					"$(inherited)",
					"-ObjC",
					"-lc++",
				);
				PRODUCT_BUNDLE_IDENTIFIER = "org.reactjs.native.example.$(PRODUCT_NAME:rfc1034identifier)";
				PRODUCT_NAME = example;
				VERSIONING_SYSTEM = "apple-generic";
			};
			name = Release;
		};
		2D02E4971E0B4A5E006451C7 /* Debug */ = {
			isa = XCBuildConfiguration;
			baseConfigurationReference = 9AB97323416ED699CD676495 /* Pods-example-tvOS.debug.xcconfig */;
			buildSettings = {
				ASSETCATALOG_COMPILER_APPICON_NAME = "App Icon & Top Shelf Image";
				ASSETCATALOG_COMPILER_LAUNCHIMAGE_NAME = LaunchImage;
				CLANG_ANALYZER_NONNULL = YES;
				CLANG_WARN_DOCUMENTATION_COMMENTS = YES;
				CLANG_WARN_INFINITE_RECURSION = YES;
				CLANG_WARN_SUSPICIOUS_MOVE = YES;
				DEBUG_INFORMATION_FORMAT = dwarf;
				ENABLE_TESTABILITY = YES;
				GCC_NO_COMMON_BLOCKS = YES;
				INFOPLIST_FILE = "example-tvOS/Info.plist";
				LD_RUNPATH_SEARCH_PATHS = "$(inherited) @executable_path/Frameworks";
				OTHER_LDFLAGS = (
					"$(inherited)",
					"-ObjC",
					"-lc++",
				);
				PRODUCT_BUNDLE_IDENTIFIER = "com.facebook.REACT.example-tvOS";
				PRODUCT_NAME = "$(TARGET_NAME)";
				SDKROOT = appletvos;
				TARGETED_DEVICE_FAMILY = 3;
				TVOS_DEPLOYMENT_TARGET = 9.2;
			};
			name = Debug;
		};
		2D02E4981E0B4A5E006451C7 /* Release */ = {
			isa = XCBuildConfiguration;
			baseConfigurationReference = 8169C3656CEA9D58C2F8B618 /* Pods-example-tvOS.release.xcconfig */;
			buildSettings = {
				ASSETCATALOG_COMPILER_APPICON_NAME = "App Icon & Top Shelf Image";
				ASSETCATALOG_COMPILER_LAUNCHIMAGE_NAME = LaunchImage;
				CLANG_ANALYZER_NONNULL = YES;
				CLANG_WARN_DOCUMENTATION_COMMENTS = YES;
				CLANG_WARN_INFINITE_RECURSION = YES;
				CLANG_WARN_SUSPICIOUS_MOVE = YES;
				COPY_PHASE_STRIP = NO;
				DEBUG_INFORMATION_FORMAT = "dwarf-with-dsym";
				GCC_NO_COMMON_BLOCKS = YES;
				INFOPLIST_FILE = "example-tvOS/Info.plist";
				LD_RUNPATH_SEARCH_PATHS = "$(inherited) @executable_path/Frameworks";
				OTHER_LDFLAGS = (
					"$(inherited)",
					"-ObjC",
					"-lc++",
				);
				PRODUCT_BUNDLE_IDENTIFIER = "com.facebook.REACT.example-tvOS";
				PRODUCT_NAME = "$(TARGET_NAME)";
				SDKROOT = appletvos;
				TARGETED_DEVICE_FAMILY = 3;
				TVOS_DEPLOYMENT_TARGET = 9.2;
			};
			name = Release;
		};
		2D02E4991E0B4A5E006451C7 /* Debug */ = {
			isa = XCBuildConfiguration;
			baseConfigurationReference = D7B893821E56231CDFE5B964 /* Pods-example-tvOSTests.debug.xcconfig */;
			buildSettings = {
				BUNDLE_LOADER = "$(TEST_HOST)";
				CLANG_ANALYZER_NONNULL = YES;
				CLANG_WARN_DOCUMENTATION_COMMENTS = YES;
				CLANG_WARN_INFINITE_RECURSION = YES;
				CLANG_WARN_SUSPICIOUS_MOVE = YES;
				DEBUG_INFORMATION_FORMAT = dwarf;
				ENABLE_TESTABILITY = YES;
				GCC_NO_COMMON_BLOCKS = YES;
				INFOPLIST_FILE = "example-tvOSTests/Info.plist";
				LD_RUNPATH_SEARCH_PATHS = "$(inherited) @executable_path/Frameworks @loader_path/Frameworks";
				OTHER_LDFLAGS = (
					"$(inherited)",
					"-ObjC",
					"-lc++",
				);
				PRODUCT_BUNDLE_IDENTIFIER = "com.facebook.REACT.example-tvOSTests";
				PRODUCT_NAME = "$(TARGET_NAME)";
				SDKROOT = appletvos;
				TEST_HOST = "$(BUILT_PRODUCTS_DIR)/example-tvOS.app/example-tvOS";
				TVOS_DEPLOYMENT_TARGET = 10.1;
			};
			name = Debug;
		};
		2D02E49A1E0B4A5E006451C7 /* Release */ = {
			isa = XCBuildConfiguration;
			baseConfigurationReference = E9A8A4FB4756A401A90B8094 /* Pods-example-tvOSTests.release.xcconfig */;
			buildSettings = {
				BUNDLE_LOADER = "$(TEST_HOST)";
				CLANG_ANALYZER_NONNULL = YES;
				CLANG_WARN_DOCUMENTATION_COMMENTS = YES;
				CLANG_WARN_INFINITE_RECURSION = YES;
				CLANG_WARN_SUSPICIOUS_MOVE = YES;
				COPY_PHASE_STRIP = NO;
				DEBUG_INFORMATION_FORMAT = "dwarf-with-dsym";
				GCC_NO_COMMON_BLOCKS = YES;
				INFOPLIST_FILE = "example-tvOSTests/Info.plist";
				LD_RUNPATH_SEARCH_PATHS = "$(inherited) @executable_path/Frameworks @loader_path/Frameworks";
				OTHER_LDFLAGS = (
					"$(inherited)",
					"-ObjC",
					"-lc++",
				);
				PRODUCT_BUNDLE_IDENTIFIER = "com.facebook.REACT.example-tvOSTests";
				PRODUCT_NAME = "$(TARGET_NAME)";
				SDKROOT = appletvos;
				TEST_HOST = "$(BUILT_PRODUCTS_DIR)/example-tvOS.app/example-tvOS";
				TVOS_DEPLOYMENT_TARGET = 10.1;
			};
			name = Release;
		};
		83CBBA201A601CBA00E9B192 /* Debug */ = {
			isa = XCBuildConfiguration;
			buildSettings = {
				ALWAYS_SEARCH_USER_PATHS = NO;
				CLANG_CXX_LANGUAGE_STANDARD = "gnu++0x";
				CLANG_CXX_LIBRARY = "libc++";
				CLANG_ENABLE_MODULES = YES;
				CLANG_ENABLE_OBJC_ARC = YES;
				CLANG_WARN_BLOCK_CAPTURE_AUTORELEASING = YES;
				CLANG_WARN_BOOL_CONVERSION = YES;
				CLANG_WARN_COMMA = YES;
				CLANG_WARN_CONSTANT_CONVERSION = YES;
				CLANG_WARN_DEPRECATED_OBJC_IMPLEMENTATIONS = YES;
				CLANG_WARN_DIRECT_OBJC_ISA_USAGE = YES_ERROR;
				CLANG_WARN_EMPTY_BODY = YES;
				CLANG_WARN_ENUM_CONVERSION = YES;
				CLANG_WARN_INFINITE_RECURSION = YES;
				CLANG_WARN_INT_CONVERSION = YES;
				CLANG_WARN_NON_LITERAL_NULL_CONVERSION = YES;
				CLANG_WARN_OBJC_IMPLICIT_RETAIN_SELF = YES;
				CLANG_WARN_OBJC_LITERAL_CONVERSION = YES;
				CLANG_WARN_OBJC_ROOT_CLASS = YES_ERROR;
				CLANG_WARN_RANGE_LOOP_ANALYSIS = YES;
				CLANG_WARN_STRICT_PROTOTYPES = YES;
				CLANG_WARN_SUSPICIOUS_MOVE = YES;
				CLANG_WARN_UNREACHABLE_CODE = YES;
				CLANG_WARN__DUPLICATE_METHOD_MATCH = YES;
				"CODE_SIGN_IDENTITY[sdk=iphoneos*]" = "iPhone Developer";
				COPY_PHASE_STRIP = NO;
				ENABLE_STRICT_OBJC_MSGSEND = YES;
				ENABLE_TESTABILITY = YES;
				GCC_C_LANGUAGE_STANDARD = gnu99;
				GCC_DYNAMIC_NO_PIC = NO;
				GCC_NO_COMMON_BLOCKS = YES;
				GCC_OPTIMIZATION_LEVEL = 0;
				GCC_PREPROCESSOR_DEFINITIONS = (
					"DEBUG=1",
					"$(inherited)",
				);
				GCC_SYMBOLS_PRIVATE_EXTERN = NO;
				GCC_WARN_64_TO_32_BIT_CONVERSION = YES;
				GCC_WARN_ABOUT_RETURN_TYPE = YES_ERROR;
				GCC_WARN_UNDECLARED_SELECTOR = YES;
				GCC_WARN_UNINITIALIZED_AUTOS = YES_AGGRESSIVE;
				GCC_WARN_UNUSED_FUNCTION = YES;
				GCC_WARN_UNUSED_VARIABLE = YES;
				IPHONEOS_DEPLOYMENT_TARGET = 9.0;
				MTL_ENABLE_DEBUG_INFO = YES;
				ONLY_ACTIVE_ARCH = YES;
				SDKROOT = iphoneos;
			};
			name = Debug;
		};
		83CBBA211A601CBA00E9B192 /* Release */ = {
			isa = XCBuildConfiguration;
			buildSettings = {
				ALWAYS_SEARCH_USER_PATHS = NO;
				CLANG_CXX_LANGUAGE_STANDARD = "gnu++0x";
				CLANG_CXX_LIBRARY = "libc++";
				CLANG_ENABLE_MODULES = YES;
				CLANG_ENABLE_OBJC_ARC = YES;
				CLANG_WARN_BLOCK_CAPTURE_AUTORELEASING = YES;
				CLANG_WARN_BOOL_CONVERSION = YES;
				CLANG_WARN_COMMA = YES;
				CLANG_WARN_CONSTANT_CONVERSION = YES;
				CLANG_WARN_DEPRECATED_OBJC_IMPLEMENTATIONS = YES;
				CLANG_WARN_DIRECT_OBJC_ISA_USAGE = YES_ERROR;
				CLANG_WARN_EMPTY_BODY = YES;
				CLANG_WARN_ENUM_CONVERSION = YES;
				CLANG_WARN_INFINITE_RECURSION = YES;
				CLANG_WARN_INT_CONVERSION = YES;
				CLANG_WARN_NON_LITERAL_NULL_CONVERSION = YES;
				CLANG_WARN_OBJC_IMPLICIT_RETAIN_SELF = YES;
				CLANG_WARN_OBJC_LITERAL_CONVERSION = YES;
				CLANG_WARN_OBJC_ROOT_CLASS = YES_ERROR;
				CLANG_WARN_RANGE_LOOP_ANALYSIS = YES;
				CLANG_WARN_STRICT_PROTOTYPES = YES;
				CLANG_WARN_SUSPICIOUS_MOVE = YES;
				CLANG_WARN_UNREACHABLE_CODE = YES;
				CLANG_WARN__DUPLICATE_METHOD_MATCH = YES;
				"CODE_SIGN_IDENTITY[sdk=iphoneos*]" = "iPhone Developer";
				COPY_PHASE_STRIP = YES;
				ENABLE_NS_ASSERTIONS = NO;
				ENABLE_STRICT_OBJC_MSGSEND = YES;
				GCC_C_LANGUAGE_STANDARD = gnu99;
				GCC_NO_COMMON_BLOCKS = YES;
				GCC_WARN_64_TO_32_BIT_CONVERSION = YES;
				GCC_WARN_ABOUT_RETURN_TYPE = YES_ERROR;
				GCC_WARN_UNDECLARED_SELECTOR = YES;
				GCC_WARN_UNINITIALIZED_AUTOS = YES_AGGRESSIVE;
				GCC_WARN_UNUSED_FUNCTION = YES;
				GCC_WARN_UNUSED_VARIABLE = YES;
				IPHONEOS_DEPLOYMENT_TARGET = 9.0;
				MTL_ENABLE_DEBUG_INFO = NO;
				SDKROOT = iphoneos;
				VALIDATE_PRODUCT = YES;
			};
			name = Release;
		};
/* End XCBuildConfiguration section */

/* Begin XCConfigurationList section */
		00E357021AD99517003FC87E /* Build configuration list for PBXNativeTarget "exampleTests" */ = {
			isa = XCConfigurationList;
			buildConfigurations = (
				00E356F61AD99517003FC87E /* Debug */,
				00E356F71AD99517003FC87E /* Release */,
			);
			defaultConfigurationIsVisible = 0;
			defaultConfigurationName = Release;
		};
		13B07F931A680F5B00A75B9A /* Build configuration list for PBXNativeTarget "example" */ = {
			isa = XCConfigurationList;
			buildConfigurations = (
				13B07F941A680F5B00A75B9A /* Debug */,
				13B07F951A680F5B00A75B9A /* Release */,
			);
			defaultConfigurationIsVisible = 0;
			defaultConfigurationName = Release;
		};
		2D02E4BA1E0B4A5E006451C7 /* Build configuration list for PBXNativeTarget "example-tvOS" */ = {
			isa = XCConfigurationList;
			buildConfigurations = (
				2D02E4971E0B4A5E006451C7 /* Debug */,
				2D02E4981E0B4A5E006451C7 /* Release */,
			);
			defaultConfigurationIsVisible = 0;
			defaultConfigurationName = Release;
		};
		2D02E4BB1E0B4A5E006451C7 /* Build configuration list for PBXNativeTarget "example-tvOSTests" */ = {
			isa = XCConfigurationList;
			buildConfigurations = (
				2D02E4991E0B4A5E006451C7 /* Debug */,
				2D02E49A1E0B4A5E006451C7 /* Release */,
			);
			defaultConfigurationIsVisible = 0;
			defaultConfigurationName = Release;
		};
		83CBB9FA1A601CBA00E9B192 /* Build configuration list for PBXProject "example" */ = {
			isa = XCConfigurationList;
			buildConfigurations = (
				83CBBA201A601CBA00E9B192 /* Debug */,
				83CBBA211A601CBA00E9B192 /* Release */,
			);
			defaultConfigurationIsVisible = 0;
			defaultConfigurationName = Release;
		};
/* End XCConfigurationList section */
	};
	rootObject = 83CBB9F71A601CBA00E9B192 /* Project object */;
}
